
Microsoft Visual Studio Solution File, Format Version 12.00
Project("{FAE04EC0-301F-11D3-BF4B-00C04F79EFBC}") = "ConvertExpression", "ConvertExpression\ConvertExpression.csproj", "{87B088C4-6100-485B-9B4A-A73F7EF5463A}"
EndProject
Global
	GlobalSection(SolutionConfigurationPlatforms) = preSolution
		Debug|Any CPU = Debug|Any CPU
		Release|Any CPU = Release|Any CPU
	EndGlobalSection
	GlobalSection(ProjectConfigurationPlatforms) = postSolution
		{87B088C4-6100-485B-9B4A-A73F7EF5463A}.Debug|Any CPU.ActiveCfg = Debug|Any CPU
		{87B088C4-6100-485B-9B4A-A73F7EF5463A}.Debug|Any CPU.Build.0 = Debug|Any CPU
		{87B088C4-6100-485B-9B4A-A73F7EF5463A}.Release|Any CPU.ActiveCfg = Release|Any CPU
		{87B088C4-6100-485B-9B4A-A73F7EF5463A}.Release|Any CPU.Build.0 = Release|Any CPU
	EndGlobalSection
EndGlobal
